// !$*UTF8*$!
{
	archiveVersion = 1;
	classes = {
	};
	objectVersion = 46;
	objects = {

/* Begin PBXBuildFile section */
		02E570951AE55DAA00BCCB32 /* AppDelegate.swift in Sources */ = {isa = PBXBuildFile; fileRef = 02E570941AE55DAA00BCCB32 /* AppDelegate.swift */; };
		02E570981AE55DAA00BCCB32 /* bluetoothiOSTest.xcdatamodeld in Sources */ = {isa = PBXBuildFile; fileRef = 02E570961AE55DAA00BCCB32 /* bluetoothiOSTest.xcdatamodeld */; };
		02E5709A1AE55DAA00BCCB32 /* ViewController.swift in Sources */ = {isa = PBXBuildFile; fileRef = 02E570991AE55DAA00BCCB32 /* ViewController.swift */; };
		02E5709D1AE55DAA00BCCB32 /* Main.storyboard in Resources */ = {isa = PBXBuildFile; fileRef = 02E5709B1AE55DAA00BCCB32 /* Main.storyboard */; };
		02E5709F1AE55DAA00BCCB32 /* Images.xcassets in Resources */ = {isa = PBXBuildFile; fileRef = 02E5709E1AE55DAA00BCCB32 /* Images.xcassets */; };
		02E570A21AE55DAA00BCCB32 /* LaunchScreen.xib in Resources */ = {isa = PBXBuildFile; fileRef = 02E570A01AE55DAA00BCCB32 /* LaunchScreen.xib */; };
		02E570AE1AE55DAA00BCCB32 /* bluetoothiOSTestTests.swift in Sources */ = {isa = PBXBuildFile; fileRef = 02E570AD1AE55DAA00BCCB32 /* bluetoothiOSTestTests.swift */; };
		02E570C11AE55DC600BCCB32 /* waveControlAndSync.swift in Sources */ = {isa = PBXBuildFile; fileRef = 02E570C01AE55DC600BCCB32 /* waveControlAndSync.swift */; };
/* End PBXBuildFile section */

/* Begin PBXContainerItemProxy section */
		02E570A81AE55DAA00BCCB32 /* PBXContainerItemProxy */ = {
			isa = PBXContainerItemProxy;
			containerPortal = 02E570871AE55DAA00BCCB32 /* Project object */;
			proxyType = 1;
			remoteGlobalIDString = 02E5708E1AE55DAA00BCCB32;
			remoteInfo = bluetoothiOSTest;
		};
/* End PBXContainerItemProxy section */

/* Begin PBXFileReference section */
		02E5708F1AE55DAA00BCCB32 /* bluetoothiOSTest.app */ = {isa = PBXFileReference; explicitFileType = wrapper.application; includeInIndex = 0; path = bluetoothiOSTest.app; sourceTree = BUILT_PRODUCTS_DIR; };
		02E570931AE55DAA00BCCB32 /* Info.plist */ = {isa = PBXFileReference; lastKnownFileType = text.plist.xml; path = Info.plist; sourceTree = "<group>"; };
		02E570941AE55DAA00BCCB32 /* AppDelegate.swift */ = {isa = PBXFileReference; lastKnownFileType = sourcecode.swift; path = AppDelegate.swift; sourceTree = "<group>"; };
		02E570971AE55DAA00BCCB32 /* bluetoothiOSTest.xcdatamodel */ = {isa = PBXFileReference; lastKnownFileType = wrapper.xcdatamodel; path = bluetoothiOSTest.xcdatamodel; sourceTree = "<group>"; };
		02E570991AE55DAA00BCCB32 /* ViewController.swift */ = {isa = PBXFileReference; lastKnownFileType = sourcecode.swift; path = ViewController.swift; sourceTree = "<group>"; };
		02E5709C1AE55DAA00BCCB32 /* Base */ = {isa = PBXFileReference; lastKnownFileType = file.storyboard; name = Base; path = Base.lproj/Main.storyboard; sourceTree = "<group>"; };
		02E5709E1AE55DAA00BCCB32 /* Images.xcassets */ = {isa = PBXFileReference; lastKnownFileType = folder.assetcatalog; path = Images.xcassets; sourceTree = "<group>"; };
		02E570A11AE55DAA00BCCB32 /* Base */ = {isa = PBXFileReference; lastKnownFileType = file.xib; name = Base; path = Base.lproj/LaunchScreen.xib; sourceTree = "<group>"; };
		02E570A71AE55DAA00BCCB32 /* bluetoothiOSTestTests.xctest */ = {isa = PBXFileReference; explicitFileType = wrapper.cfbundle; includeInIndex = 0; path = bluetoothiOSTestTests.xctest; sourceTree = BUILT_PRODUCTS_DIR; };
		02E570AC1AE55DAA00BCCB32 /* Info.plist */ = {isa = PBXFileReference; lastKnownFileType = text.plist.xml; path = Info.plist; sourceTree = "<group>"; };
		02E570AD1AE55DAA00BCCB32 /* bluetoothiOSTestTests.swift */ = {isa = PBXFileReference; lastKnownFileType = sourcecode.swift; path = bluetoothiOSTestTests.swift; sourceTree = "<group>"; };
		02E570C01AE55DC600BCCB32 /* waveControlAndSync.swift */ = {isa = PBXFileReference; fileEncoding = 4; lastKnownFileType = sourcecode.swift; name = waveControlAndSync.swift; path = ../../../../iOS/waveControlAndSync/waveControlAndSync.swift; sourceTree = SOURCE_ROOT; };
/* End PBXFileReference section */

/* Begin PBXFrameworksBuildPhase section */
		02E5708C1AE55DAA00BCCB32 /* Frameworks */ = {
			isa = PBXFrameworksBuildPhase;
			buildActionMask = 2147483647;
			files = (
			);
			runOnlyForDeploymentPostprocessing = 0;
		};
		02E570A41AE55DAA00BCCB32 /* Frameworks */ = {
			isa = PBXFrameworksBuildPhase;
			buildActionMask = 2147483647;
			files = (
			);
			runOnlyForDeploymentPostprocessing = 0;
		};
/* End PBXFrameworksBuildPhase section */

/* Begin PBXGroup section */
		02E570861AE55DAA00BCCB32 = {
			isa = PBXGroup;
			children = (
				02E570911AE55DAA00BCCB32 /* bluetoothiOSTest */,
				02E570AA1AE55DAA00BCCB32 /* bluetoothiOSTestTests */,
				02E570901AE55DAA00BCCB32 /* Products */,
			);
			sourceTree = "<group>";
		};
		02E570901AE55DAA00BCCB32 /* Products */ = {
			isa = PBXGroup;
			children = (
				02E5708F1AE55DAA00BCCB32 /* bluetoothiOSTest.app */,
				02E570A71AE55DAA00BCCB32 /* bluetoothiOSTestTests.xctest */,
			);
			name = Products;
			sourceTree = "<group>";
		};
		02E570911AE55DAA00BCCB32 /* bluetoothiOSTest */ = {
			isa = PBXGroup;
			children = (
				02E570C01AE55DC600BCCB32 /* waveControlAndSync.swift */,
				02E570941AE55DAA00BCCB32 /* AppDelegate.swift */,
				02E570991AE55DAA00BCCB32 /* ViewController.swift */,
				02E5709B1AE55DAA00BCCB32 /* Main.storyboard */,
				02E5709E1AE55DAA00BCCB32 /* Images.xcassets */,
				02E570A01AE55DAA00BCCB32 /* LaunchScreen.xib */,
				02E570961AE55DAA00BCCB32 /* bluetoothiOSTest.xcdatamodeld */,
				02E570921AE55DAA00BCCB32 /* Supporting Files */,
			);
			path = bluetoothiOSTest;
			sourceTree = "<group>";
		};
		02E570921AE55DAA00BCCB32 /* Supporting Files */ = {
			isa = PBXGroup;
			children = (
				02E570931AE55DAA00BCCB32 /* Info.plist */,
			);
			name = "Supporting Files";
			sourceTree = "<group>";
		};
		02E570AA1AE55DAA00BCCB32 /* bluetoothiOSTestTests */ = {
			isa = PBXGroup;
			children = (
				02E570AD1AE55DAA00BCCB32 /* bluetoothiOSTestTests.swift */,
				02E570AB1AE55DAA00BCCB32 /* Supporting Files */,
			);
			path = bluetoothiOSTestTests;
			sourceTree = "<group>";
		};
		02E570AB1AE55DAA00BCCB32 /* Supporting Files */ = {
			isa = PBXGroup;
			children = (
				02E570AC1AE55DAA00BCCB32 /* Info.plist */,
			);
			name = "Supporting Files";
			sourceTree = "<group>";
		};
/* End PBXGroup section */

/* Begin PBXNativeTarget section */
		02E5708E1AE55DAA00BCCB32 /* bluetoothiOSTest */ = {
			isa = PBXNativeTarget;
			buildConfigurationList = 02E570B11AE55DAA00BCCB32 /* Build configuration list for PBXNativeTarget "bluetoothiOSTest" */;
			buildPhases = (
				02E5708B1AE55DAA00BCCB32 /* Sources */,
				02E5708C1AE55DAA00BCCB32 /* Frameworks */,
				02E5708D1AE55DAA00BCCB32 /* Resources */,
			);
			buildRules = (
			);
			dependencies = (
			);
			name = bluetoothiOSTest;
			productName = bluetoothiOSTest;
			productReference = 02E5708F1AE55DAA00BCCB32 /* bluetoothiOSTest.app */;
			productType = "com.apple.product-type.application";
		};
		02E570A61AE55DAA00BCCB32 /* bluetoothiOSTestTests */ = {
			isa = PBXNativeTarget;
			buildConfigurationList = 02E570B41AE55DAA00BCCB32 /* Build configuration list for PBXNativeTarget "bluetoothiOSTestTests" */;
			buildPhases = (
				02E570A31AE55DAA00BCCB32 /* Sources */,
				02E570A41AE55DAA00BCCB32 /* Frameworks */,
				02E570A51AE55DAA00BCCB32 /* Resources */,
			);
			buildRules = (
			);
			dependencies = (
				02E570A91AE55DAA00BCCB32 /* PBXTargetDependency */,
			);
			name = bluetoothiOSTestTests;
			productName = bluetoothiOSTestTests;
			productReference = 02E570A71AE55DAA00BCCB32 /* bluetoothiOSTestTests.xctest */;
			productType = "com.apple.product-type.bundle.unit-test";
		};
/* End PBXNativeTarget section */

/* Begin PBXProject section */
		02E570871AE55DAA00BCCB32 /* Project object */ = {
			isa = PBXProject;
			attributes = {
				LastUpgradeCheck = 0620;
				ORGANIZATIONNAME = "Sensorstar - Movo";
				TargetAttributes = {
					02E5708E1AE55DAA00BCCB32 = {
						CreatedOnToolsVersion = 6.2;
					};
					02E570A61AE55DAA00BCCB32 = {
						CreatedOnToolsVersion = 6.2;
						TestTargetID = 02E5708E1AE55DAA00BCCB32;
					};
				};
			};
			buildConfigurationList = 02E5708A1AE55DAA00BCCB32 /* Build configuration list for PBXProject "bluetoothiOSTest" */;
			compatibilityVersion = "Xcode 3.2";
			developmentRegion = English;
			hasScannedForEncodings = 0;
			knownRegions = (
				en,
				Base,
			);
			mainGroup = 02E570861AE55DAA00BCCB32;
			productRefGroup = 02E570901AE55DAA00BCCB32 /* Products */;
			projectDirPath = "";
			projectRoot = "";
			targets = (
				02E5708E1AE55DAA00BCCB32 /* bluetoothiOSTest */,
				02E570A61AE55DAA00BCCB32 /* bluetoothiOSTestTests */,
			);
		};
/* End PBXProject section */

/* Begin PBXResourcesBuildPhase section */
		02E5708D1AE55DAA00BCCB32 /* Resources */ = {
			isa = PBXResourcesBuildPhase;
			buildActionMask = 2147483647;
			files = (
				02E5709D1AE55DAA00BCCB32 /* Main.storyboard in Resources */,
				02E570A21AE55DAA00BCCB32 /* LaunchScreen.xib in Resources */,
				02E5709F1AE55DAA00BCCB32 /* Images.xcassets in Resources */,
			);
			runOnlyForDeploymentPostprocessing = 0;
		};
		02E570A51AE55DAA00BCCB32 /* Resources */ = {
			isa = PBXResourcesBuildPhase;
			buildActionMask = 2147483647;
			files = (
			);
			runOnlyForDeploymentPostprocessing = 0;
		};
/* End PBXResourcesBuildPhase section */

/* Begin PBXSourcesBuildPhase section */
		02E5708B1AE55DAA00BCCB32 /* Sources */ = {
			isa = PBXSourcesBuildPhase;
			buildActionMask = 2147483647;
			files = (
				02E5709A1AE55DAA00BCCB32 /* ViewController.swift in Sources */,
				02E570981AE55DAA00BCCB32 /* bluetoothiOSTest.xcdatamodeld in Sources */,
				02E570951AE55DAA00BCCB32 /* AppDelegate.swift in Sources */,
				02E570C11AE55DC600BCCB32 /* waveControlAndSync.swift in Sources */,
			);
			runOnlyForDeploymentPostprocessing = 0;
		};
		02E570A31AE55DAA00BCCB32 /* Sources */ = {
			isa = PBXSourcesBuildPhase;
			buildActionMask = 2147483647;
			files = (
				02E570AE1AE55DAA00BCCB32 /* bluetoothiOSTestTests.swift in Sources */,
			);
			runOnlyForDeploymentPostprocessing = 0;
		};
/* End PBXSourcesBuildPhase section */

/* Begin PBXTargetDependency section */
		02E570A91AE55DAA00BCCB32 /* PBXTargetDependency */ = {
			isa = PBXTargetDependency;
			target = 02E5708E1AE55DAA00BCCB32 /* bluetoothiOSTest */;
			targetProxy = 02E570A81AE55DAA00BCCB32 /* PBXContainerItemProxy */;
		};
/* End PBXTargetDependency section */

/* Begin PBXVariantGroup section */
		02E5709B1AE55DAA00BCCB32 /* Main.storyboard */ = {
			isa = PBXVariantGroup;
			children = (
				02E5709C1AE55DAA00BCCB32 /* Base */,
			);
			name = Main.storyboard;
			sourceTree = "<group>";
		};
		02E570A01AE55DAA00BCCB32 /* LaunchScreen.xib */ = {
			isa = PBXVariantGroup;
			children = (
				02E570A11AE55DAA00BCCB32 /* Base */,
			);
			name = LaunchScreen.xib;
			sourceTree = "<group>";
		};
/* End PBXVariantGroup section */

/* Begin XCBuildConfiguration section */
		02E570AF1AE55DAA00BCCB32 /* Debug */ = {
			isa = XCBuildConfiguration;
			buildSettings = {
				ALWAYS_SEARCH_USER_PATHS = NO;
				CLANG_CXX_LANGUAGE_STANDARD = "gnu++0x";
				CLANG_CXX_LIBRARY = "libc++";
				CLANG_ENABLE_MODULES = YES;
				CLANG_ENABLE_OBJC_ARC = YES;
				CLANG_WARN_BOOL_CONVERSION = YES;
				CLANG_WARN_CONSTANT_CONVERSION = YES;
				CLANG_WARN_DIRECT_OBJC_ISA_USAGE = YES_ERROR;
				CLANG_WARN_EMPTY_BODY = YES;
				CLANG_WARN_ENUM_CONVERSION = YES;
				CLANG_WARN_INT_CONVERSION = YES;
				CLANG_WARN_OBJC_ROOT_CLASS = YES_ERROR;
				CLANG_WARN_UNREACHABLE_CODE = YES;
				CLANG_WARN__DUPLICATE_METHOD_MATCH = YES;
				"CODE_SIGN_IDENTITY[sdk=iphoneos*]" = "iPhone Developer";
				COPY_PHASE_STRIP = NO;
				ENABLE_STRICT_OBJC_MSGSEND = YES;
				GCC_C_LANGUAGE_STANDARD = gnu99;
				GCC_DYNAMIC_NO_PIC = NO;
				GCC_OPTIMIZATION_LEVEL = 0;
				GCC_PREPROCESSOR_DEFINITIONS = (
					"DEBUG=1",
					"$(inherited)",
				);
				GCC_SYMBOLS_PRIVATE_EXTERN = NO;
				GCC_WARN_64_TO_32_BIT_CONVERSION = YES;
				GCC_WARN_ABOUT_RETURN_TYPE = YES_ERROR;
				GCC_WARN_UNDECLARED_SELECTOR = YES;
				GCC_WARN_UNINITIALIZED_AUTOS = YES_AGGRESSIVE;
				GCC_WARN_UNUSED_FUNCTION = YES;
				GCC_WARN_UNUSED_VARIABLE = YES;
				IPHONEOS_DEPLOYMENT_TARGET = 8.2;
				MTL_ENABLE_DEBUG_INFO = YES;
				ONLY_ACTIVE_ARCH = YES;
				SDKROOT = iphoneos;
				SWIFT_OPTIMIZATION_LEVEL = "-Onone";
				TARGETED_DEVICE_FAMILY = "1,2";
			};
			name = Debug;
		};
		02E570B01AE55DAA00BCCB32 /* Release */ = {
			isa = XCBuildConfiguration;
			buildSettings = {
				ALWAYS_SEARCH_USER_PATHS = NO;
				CLANG_CXX_LANGUAGE_STANDARD = "gnu++0x";
				CLANG_CXX_LIBRARY = "libc++";
				CLANG_ENABLE_MODULES = YES;
				CLANG_ENABLE_OBJC_ARC = YES;
				CLANG_WARN_BOOL_CONVERSION = YES;
				CLANG_WARN_CONSTANT_CONVERSION = YES;
				CLANG_WARN_DIRECT_OBJC_ISA_USAGE = YES_ERROR;
				CLANG_WARN_EMPTY_BODY = YES;
				CLANG_WARN_ENUM_CONVERSION = YES;
				CLANG_WARN_INT_CONVERSION = YES;
				CLANG_WARN_OBJC_ROOT_CLASS = YES_ERROR;
				CLANG_WARN_UNREACHABLE_CODE = YES;
				CLANG_WARN__DUPLICATE_METHOD_MATCH = YES;
				"CODE_SIGN_IDENTITY[sdk=iphoneos*]" = "iPhone Developer";
				COPY_PHASE_STRIP = NO;
				ENABLE_NS_ASSERTIONS = NO;
				ENABLE_STRICT_OBJC_MSGSEND = YES;
				GCC_C_LANGUAGE_STANDARD = gnu99;
				GCC_WARN_64_TO_32_BIT_CONVERSION = YES;
				GCC_WARN_ABOUT_RETURN_TYPE = YES_ERROR;
				GCC_WARN_UNDECLARED_SELECTOR = YES;
				GCC_WARN_UNINITIALIZED_AUTOS = YES_AGGRESSIVE;
				GCC_WARN_UNUSED_FUNCTION = YES;
				GCC_WARN_UNUSED_VARIABLE = YES;
				IPHONEOS_DEPLOYMENT_TARGET = 8.2;
				MTL_ENABLE_DEBUG_INFO = NO;
				SDKROOT = iphoneos;
				TARGETED_DEVICE_FAMILY = "1,2";
				VALIDATE_PRODUCT = YES;
			};
			name = Release;
		};
		02E570B21AE55DAA00BCCB32 /* Debug */ = {
			isa = XCBuildConfiguration;
			buildSettings = {
				ASSETCATALOG_COMPILER_APPICON_NAME = AppIcon;
				CODE_SIGN_IDENTITY = "iPhone Developer";
				INFOPLIST_FILE = bluetoothiOSTest/Info.plist;
				IPHONEOS_DEPLOYMENT_TARGET = 7.0;
				LD_RUNPATH_SEARCH_PATHS = "$(inherited) @executable_path/Frameworks";
				PRODUCT_NAME = "$(TARGET_NAME)";
			};
			name = Debug;
		};
		02E570B31AE55DAA00BCCB32 /* Release */ = {
			isa = XCBuildConfiguration;
			buildSettings = {
				ASSETCATALOG_COMPILER_APPICON_NAME = AppIcon;
				CODE_SIGN_IDENTITY = "iPhone Developer";
				INFOPLIST_FILE = bluetoothiOSTest/Info.plist;
				IPHONEOS_DEPLOYMENT_TARGET = 7.0;
				LD_RUNPATH_SEARCH_PATHS = "$(inherited) @executable_path/Frameworks";
				PRODUCT_NAME = "$(TARGET_NAME)";
			};
			name = Release;
		};
		02E570B51AE55DAA00BCCB32 /* Debug */ = {
			isa = XCBuildConfiguration;
			buildSettings = {
				BUNDLE_LOADER = "$(TEST_HOST)";
				FRAMEWORK_SEARCH_PATHS = (
					"$(SDKROOT)/Developer/Library/Frameworks",
					"$(inherited)",
				);
				GCC_PREPROCESSOR_DEFINITIONS = (
					"DEBUG=1",
					"$(inherited)",
				);
				INFOPLIST_FILE = bluetoothiOSTestTests/Info.plist;
				LD_RUNPATH_SEARCH_PATHS = "$(inherited) @executable_path/Frameworks @loader_path/Frameworks";
				PRODUCT_NAME = "$(TARGET_NAME)";
				TEST_HOST = "$(BUILT_PRODUCTS_DIR)/bluetoothiOSTest.app/bluetoothiOSTest";
			};
			name = Debug;
		};
		02E570B61AE55DAA00BCCB32 /* Release */ = {
			isa = XCBuildConfiguration;
			buildSettings = {
				BUNDLE_LOADER = "$(TEST_HOST)";
				FRAMEWORK_SEARCH_PATHS = (
					"$(SDKROOT)/Developer/Library/Frameworks",
					"$(inherited)",
				);
				INFOPLIST_FILE = bluetoothiOSTestTests/Info.plist;
				LD_RUNPATH_SEARCH_PATHS = "$(inherited) @executable_path/Frameworks @loader_path/Frameworks";
				PRODUCT_NAME = "$(TARGET_NAME)";
				TEST_HOST = "$(BUILT_PRODUCTS_DIR)/bluetoothiOSTest.app/bluetoothiOSTest";
			};
			name = Release;
		};
/* End XCBuildConfiguration section */

/* Begin XCConfigurationList section */
		02E5708A1AE55DAA00BCCB32 /* Build configuration list for PBXProject "bluetoothiOSTest" */ = {
			isa = XCConfigurationList;
			buildConfigurations = (
				02E570AF1AE55DAA00BCCB32 /* Debug */,
				02E570B01AE55DAA00BCCB32 /* Release */,
			);
			defaultConfigurationIsVisible = 0;
			defaultConfigurationName = Release;
		};
		02E570B11AE55DAA00BCCB32 /* Build configuration list for PBXNativeTarget "bluetoothiOSTest" */ = {
			isa = XCConfigurationList;
			buildConfigurations = (
				02E570B21AE55DAA00BCCB32 /* Debug */,
				02E570B31AE55DAA00BCCB32 /* Release */,
			);
			defaultConfigurationIsVisible = 0;
			defaultConfigurationName = Release;
		};
		02E570B41AE55DAA00BCCB32 /* Build configuration list for PBXNativeTarget "bluetoothiOSTestTests" */ = {
			isa = XCConfigurationList;
			buildConfigurations = (
				02E570B51AE55DAA00BCCB32 /* Debug */,
				02E570B61AE55DAA00BCCB32 /* Release */,
			);
			defaultConfigurationIsVisible = 0;
			defaultConfigurationName = Release;
		};
/* End XCConfigurationList section */

/* Begin XCVersionGroup section */
		02E570961AE55DAA00BCCB32 /* bluetoothiOSTest.xcdatamodeld */ = {
			isa = XCVersionGroup;
			children = (
				02E570971AE55DAA00BCCB32 /* bluetoothiOSTest.xcdatamodel */,
			);
			currentVersion = 02E570971AE55DAA00BCCB32 /* bluetoothiOSTest.xcdatamodel */;
			path = bluetoothiOSTest.xcdatamodeld;
			sourceTree = "<group>";
			versionGroupType = wrapper.xcdatamodel;
		};
/* End XCVersionGroup section */
	};
	rootObject = 02E570871AE55DAA00BCCB32 /* Project object */;
}
