// !$*UTF8*$!
{
	archiveVersion = 1;
	classes = {
	};
	objectVersion = 46;
	objects = {

/* Begin PBXBuildFile section */
		02314C791B0D46C900AB888E /* DailyViewController.swift in Sources */ = {isa = PBXBuildFile; fileRef = 02314C781B0D46C900AB888E /* DailyViewController.swift */; };
		02678D561B0CDBBB008113D4 /* SyncStatusViewController.swift in Sources */ = {isa = PBXBuildFile; fileRef = 02678D551B0CDBBB008113D4 /* SyncStatusViewController.swift */; };
		02678D591B0CEACC008113D4 /* SyncCompleteViewController.swift in Sources */ = {isa = PBXBuildFile; fileRef = 02678D581B0CEACC008113D4 /* SyncCompleteViewController.swift */; };
		028BB26F1B0E35EC004EBA8B /* Calculator.swift in Sources */ = {isa = PBXBuildFile; fileRef = 028BB26E1B0E35EC004EBA8B /* Calculator.swift */; };
		02A081941B0B8AB1000CD6E3 /* waveControlAndSync.swift in Sources */ = {isa = PBXBuildFile; fileRef = 02A081931B0B8AB1000CD6E3 /* waveControlAndSync.swift */; };
		4A103A3F1AD4143200DC952D /* MainStoryboardViewController.swift in Sources */ = {isa = PBXBuildFile; fileRef = 4A103A3E1AD4143200DC952D /* MainStoryboardViewController.swift */; };
		4A2701961AFD401600848DCB /* MenuViewController.swift in Sources */ = {isa = PBXBuildFile; fileRef = 4A2701951AFD401600848DCB /* MenuViewController.swift */; };
		4A2701981B00DE3800848DCB /* MyProfileViewController.swift in Sources */ = {isa = PBXBuildFile; fileRef = 4A2701971B00DE3800848DCB /* MyProfileViewController.swift */; };
		4A27019A1B00E34E00848DCB /* UploadDataViewController.swift in Sources */ = {isa = PBXBuildFile; fileRef = 4A2701991B00E34E00848DCB /* UploadDataViewController.swift */; };
		4A27019C1B00E3E900848DCB /* UserViewController.swift in Sources */ = {isa = PBXBuildFile; fileRef = 4A27019B1B00E3E900848DCB /* UserViewController.swift */; };
		4A27019E1B00E48400848DCB /* LandingScreenViewController.swift in Sources */ = {isa = PBXBuildFile; fileRef = 4A27019D1B00E48400848DCB /* LandingScreenViewController.swift */; };
		4A2701A01B00E51D00848DCB /* LoginViewController.swift in Sources */ = {isa = PBXBuildFile; fileRef = 4A27019F1B00E51D00848DCB /* LoginViewController.swift */; };
		4A2701A41B00E59600848DCB /* RegisterViewController.swift in Sources */ = {isa = PBXBuildFile; fileRef = 4A2701A31B00E59600848DCB /* RegisterViewController.swift */; };
		4A2701A61B00E68900848DCB /* MyLifeViewController.swift in Sources */ = {isa = PBXBuildFile; fileRef = 4A2701A51B00E68900848DCB /* MyLifeViewController.swift */; };
		4A2701A81B01045000848DCB /* CollectionViewCell.swift in Sources */ = {isa = PBXBuildFile; fileRef = 4A2701A71B01045000848DCB /* CollectionViewCell.swift */; };
		4A2701B71B02406500848DCB /* Firebase.framework in Frameworks */ = {isa = PBXBuildFile; fileRef = 4A2701B61B02406500848DCB /* Firebase.framework */; };
		4A2701B91B0240DD00848DCB /* libicucore.dylib in Frameworks */ = {isa = PBXBuildFile; fileRef = 4A2701B81B0240DD00848DCB /* libicucore.dylib */; };
		4A2701BB1B0240E800848DCB /* libc++.dylib in Frameworks */ = {isa = PBXBuildFile; fileRef = 4A2701BA1B0240E800848DCB /* libc++.dylib */; };
		4A2701BD1B0240EF00848DCB /* CFNetwork.framework in Frameworks */ = {isa = PBXBuildFile; fileRef = 4A2701BC1B0240EF00848DCB /* CFNetwork.framework */; };
		4A2701BF1B0240F600848DCB /* Security.framework in Frameworks */ = {isa = PBXBuildFile; fileRef = 4A2701BE1B0240F600848DCB /* Security.framework */; };
		4A2701C11B0240FC00848DCB /* SystemConfiguration.framework in Frameworks */ = {isa = PBXBuildFile; fileRef = 4A2701C01B0240FC00848DCB /* SystemConfiguration.framework */; };
		4A2701D01B063CFA00848DCB /* SyncEntry.swift in Sources */ = {isa = PBXBuildFile; fileRef = 4A2701CF1B063CFA00848DCB /* SyncEntry.swift */; };
		4A2701D21B063CFB00848DCB /* KnownWaves.swift in Sources */ = {isa = PBXBuildFile; fileRef = 4A2701D11B063CFB00848DCB /* KnownWaves.swift */; };
		4A2701D41B063CFB00848DCB /* PhotoStorage.swift in Sources */ = {isa = PBXBuildFile; fileRef = 4A2701D31B063CFB00848DCB /* PhotoStorage.swift */; };
		4A2701D61B063CFB00848DCB /* StepEntry.swift in Sources */ = {isa = PBXBuildFile; fileRef = 4A2701D51B063CFB00848DCB /* StepEntry.swift */; };
		4AAD687B1B09696600A6A761 /* UserData.swift in Sources */ = {isa = PBXBuildFile; fileRef = 4AAD687A1B09696600A6A761 /* UserData.swift */; };
		4AAD68881B0A81CC00A6A761 /* UserEntry.swift in Sources */ = {isa = PBXBuildFile; fileRef = 4AAD68871B0A81CC00A6A761 /* UserEntry.swift */; };
		4AEEA9CE1AD173900055C771 /* AppDelegate.swift in Sources */ = {isa = PBXBuildFile; fileRef = 4AEEA9CD1AD173900055C771 /* AppDelegate.swift */; };
		4AEEA9D11AD173900055C771 /* Wave.xcdatamodeld in Sources */ = {isa = PBXBuildFile; fileRef = 4AEEA9CF1AD173900055C771 /* Wave.xcdatamodeld */; };
		4AEEA9D31AD173900055C771 /* ViewController.swift in Sources */ = {isa = PBXBuildFile; fileRef = 4AEEA9D21AD173900055C771 /* ViewController.swift */; };
		4AEEA9D61AD173900055C771 /* Main.storyboard in Resources */ = {isa = PBXBuildFile; fileRef = 4AEEA9D41AD173900055C771 /* Main.storyboard */; };
		4AEEA9D81AD173900055C771 /* Images.xcassets in Resources */ = {isa = PBXBuildFile; fileRef = 4AEEA9D71AD173900055C771 /* Images.xcassets */; };
		4AEEA9DB1AD173900055C771 /* LaunchScreen.xib in Resources */ = {isa = PBXBuildFile; fileRef = 4AEEA9D91AD173900055C771 /* LaunchScreen.xib */; };
		4AEEA9E71AD173900055C771 /* WaveTests.swift in Sources */ = {isa = PBXBuildFile; fileRef = 4AEEA9E61AD173900055C771 /* WaveTests.swift */; };
		4AEEA9F31AD17C710055C771 /* CalendarViewController.swift in Sources */ = {isa = PBXBuildFile; fileRef = 4AEEA9F21AD17C710055C771 /* CalendarViewController.swift */; };
/* End PBXBuildFile section */

/* Begin PBXContainerItemProxy section */
		4A2701C61B02424F00848DCB /* PBXContainerItemProxy */ = {
			isa = PBXContainerItemProxy;
			containerPortal = 4A2701C21B02424E00848DCB /* Charts.xcodeproj */;
			proxyType = 2;
			remoteGlobalIDString = 5BA8EC401A9D14DC00CE82E1;
			remoteInfo = Charts;
		};
		4AEEA9E11AD173900055C771 /* PBXContainerItemProxy */ = {
			isa = PBXContainerItemProxy;
			containerPortal = 4AEEA9C01AD173900055C771 /* Project object */;
			proxyType = 1;
			remoteGlobalIDString = 4AEEA9C71AD173900055C771;
			remoteInfo = Wave;
		};
/* End PBXContainerItemProxy section */

/* Begin PBXFileReference section */
		02314C781B0D46C900AB888E /* DailyViewController.swift */ = {isa = PBXFileReference; fileEncoding = 4; lastKnownFileType = sourcecode.swift; path = DailyViewController.swift; sourceTree = "<group>"; };
		02678D551B0CDBBB008113D4 /* SyncStatusViewController.swift */ = {isa = PBXFileReference; fileEncoding = 4; lastKnownFileType = sourcecode.swift; path = SyncStatusViewController.swift; sourceTree = "<group>"; };
		02678D581B0CEACC008113D4 /* SyncCompleteViewController.swift */ = {isa = PBXFileReference; fileEncoding = 4; lastKnownFileType = sourcecode.swift; path = SyncCompleteViewController.swift; sourceTree = "<group>"; };
		028BB26E1B0E35EC004EBA8B /* Calculator.swift */ = {isa = PBXFileReference; fileEncoding = 4; lastKnownFileType = sourcecode.swift; path = Calculator.swift; sourceTree = "<group>"; };
		02A081931B0B8AB1000CD6E3 /* waveControlAndSync.swift */ = {isa = PBXFileReference; fileEncoding = 4; lastKnownFileType = sourcecode.swift; name = waveControlAndSync.swift; path = ../../../iOS/waveControlAndSync/waveControlAndSync.swift; sourceTree = "<group>"; };
		4A103A3E1AD4143200DC952D /* MainStoryboardViewController.swift */ = {isa = PBXFileReference; fileEncoding = 4; lastKnownFileType = sourcecode.swift; path = MainStoryboardViewController.swift; sourceTree = "<group>"; };
		4A2701951AFD401600848DCB /* MenuViewController.swift */ = {isa = PBXFileReference; fileEncoding = 4; lastKnownFileType = sourcecode.swift; path = MenuViewController.swift; sourceTree = "<group>"; };
		4A2701971B00DE3800848DCB /* MyProfileViewController.swift */ = {isa = PBXFileReference; fileEncoding = 4; lastKnownFileType = sourcecode.swift; path = MyProfileViewController.swift; sourceTree = "<group>"; };
		4A2701991B00E34E00848DCB /* UploadDataViewController.swift */ = {isa = PBXFileReference; fileEncoding = 4; lastKnownFileType = sourcecode.swift; path = UploadDataViewController.swift; sourceTree = "<group>"; };
		4A27019B1B00E3E900848DCB /* UserViewController.swift */ = {isa = PBXFileReference; fileEncoding = 4; lastKnownFileType = sourcecode.swift; path = UserViewController.swift; sourceTree = "<group>"; };
		4A27019D1B00E48400848DCB /* LandingScreenViewController.swift */ = {isa = PBXFileReference; fileEncoding = 4; lastKnownFileType = sourcecode.swift; path = LandingScreenViewController.swift; sourceTree = "<group>"; };
		4A27019F1B00E51D00848DCB /* LoginViewController.swift */ = {isa = PBXFileReference; fileEncoding = 4; lastKnownFileType = sourcecode.swift; path = LoginViewController.swift; sourceTree = "<group>"; };
		4A2701A31B00E59600848DCB /* RegisterViewController.swift */ = {isa = PBXFileReference; fileEncoding = 4; lastKnownFileType = sourcecode.swift; path = RegisterViewController.swift; sourceTree = "<group>"; };
		4A2701A51B00E68900848DCB /* MyLifeViewController.swift */ = {isa = PBXFileReference; fileEncoding = 4; lastKnownFileType = sourcecode.swift; path = MyLifeViewController.swift; sourceTree = "<group>"; };
		4A2701A71B01045000848DCB /* CollectionViewCell.swift */ = {isa = PBXFileReference; fileEncoding = 4; lastKnownFileType = sourcecode.swift; path = CollectionViewCell.swift; sourceTree = "<group>"; };
		4A2701AE1B02372C00848DCB /* Wave-Bridging-Header.h */ = {isa = PBXFileReference; lastKnownFileType = sourcecode.c.h; path = "Wave-Bridging-Header.h"; sourceTree = "<group>"; };
		4A2701B61B02406500848DCB /* Firebase.framework */ = {isa = PBXFileReference; lastKnownFileType = wrapper.framework; name = Firebase.framework; path = Wave/Firebase.framework; sourceTree = "<group>"; };
		4A2701B81B0240DD00848DCB /* libicucore.dylib */ = {isa = PBXFileReference; lastKnownFileType = "compiled.mach-o.dylib"; name = libicucore.dylib; path = usr/lib/libicucore.dylib; sourceTree = SDKROOT; };
		4A2701BA1B0240E800848DCB /* libc++.dylib */ = {isa = PBXFileReference; lastKnownFileType = "compiled.mach-o.dylib"; name = "libc++.dylib"; path = "usr/lib/libc++.dylib"; sourceTree = SDKROOT; };
		4A2701BC1B0240EF00848DCB /* CFNetwork.framework */ = {isa = PBXFileReference; lastKnownFileType = wrapper.framework; name = CFNetwork.framework; path = System/Library/Frameworks/CFNetwork.framework; sourceTree = SDKROOT; };
		4A2701BE1B0240F600848DCB /* Security.framework */ = {isa = PBXFileReference; lastKnownFileType = wrapper.framework; name = Security.framework; path = System/Library/Frameworks/Security.framework; sourceTree = SDKROOT; };
		4A2701C01B0240FC00848DCB /* SystemConfiguration.framework */ = {isa = PBXFileReference; lastKnownFileType = wrapper.framework; name = SystemConfiguration.framework; path = System/Library/Frameworks/SystemConfiguration.framework; sourceTree = SDKROOT; };
		4A2701C21B02424E00848DCB /* Charts.xcodeproj */ = {isa = PBXFileReference; lastKnownFileType = "wrapper.pb-project"; name = Charts.xcodeproj; path = "Wave/ios-charts-master/Charts/Charts.xcodeproj"; sourceTree = "<group>"; };
		4A2701CF1B063CFA00848DCB /* SyncEntry.swift */ = {isa = PBXFileReference; fileEncoding = 4; lastKnownFileType = sourcecode.swift; path = SyncEntry.swift; sourceTree = "<group>"; };
		4A2701D11B063CFB00848DCB /* KnownWaves.swift */ = {isa = PBXFileReference; fileEncoding = 4; lastKnownFileType = sourcecode.swift; path = KnownWaves.swift; sourceTree = "<group>"; };
		4A2701D31B063CFB00848DCB /* PhotoStorage.swift */ = {isa = PBXFileReference; fileEncoding = 4; lastKnownFileType = sourcecode.swift; path = PhotoStorage.swift; sourceTree = "<group>"; };
		4A2701D51B063CFB00848DCB /* StepEntry.swift */ = {isa = PBXFileReference; fileEncoding = 4; lastKnownFileType = sourcecode.swift; name = StepEntry.swift; path = Wave/StepEntry.swift; sourceTree = SOURCE_ROOT; };
		4AAD687A1B09696600A6A761 /* UserData.swift */ = {isa = PBXFileReference; fileEncoding = 4; lastKnownFileType = sourcecode.swift; path = UserData.swift; sourceTree = "<group>"; };
		4AAD68871B0A81CC00A6A761 /* UserEntry.swift */ = {isa = PBXFileReference; fileEncoding = 4; lastKnownFileType = sourcecode.swift; path = UserEntry.swift; sourceTree = "<group>"; };
		4AEEA9C81AD173900055C771 /* Wave.app */ = {isa = PBXFileReference; explicitFileType = wrapper.application; includeInIndex = 0; path = Wave.app; sourceTree = BUILT_PRODUCTS_DIR; };
		4AEEA9CC1AD173900055C771 /* Info.plist */ = {isa = PBXFileReference; lastKnownFileType = text.plist.xml; path = Info.plist; sourceTree = "<group>"; };
		4AEEA9CD1AD173900055C771 /* AppDelegate.swift */ = {isa = PBXFileReference; lastKnownFileType = sourcecode.swift; path = AppDelegate.swift; sourceTree = "<group>"; };
		4AEEA9D01AD173900055C771 /* Wave.xcdatamodel */ = {isa = PBXFileReference; lastKnownFileType = wrapper.xcdatamodel; path = Wave.xcdatamodel; sourceTree = "<group>"; };
		4AEEA9D21AD173900055C771 /* ViewController.swift */ = {isa = PBXFileReference; lastKnownFileType = sourcecode.swift; path = ViewController.swift; sourceTree = "<group>"; };
		4AEEA9D51AD173900055C771 /* Base */ = {isa = PBXFileReference; lastKnownFileType = file.storyboard; name = Base; path = Base.lproj/Main.storyboard; sourceTree = "<group>"; };
		4AEEA9D71AD173900055C771 /* Images.xcassets */ = {isa = PBXFileReference; lastKnownFileType = folder.assetcatalog; path = Images.xcassets; sourceTree = "<group>"; };
		4AEEA9DA1AD173900055C771 /* Base */ = {isa = PBXFileReference; lastKnownFileType = file.xib; name = Base; path = Base.lproj/LaunchScreen.xib; sourceTree = "<group>"; };
		4AEEA9E01AD173900055C771 /* WaveTests.xctest */ = {isa = PBXFileReference; explicitFileType = wrapper.cfbundle; includeInIndex = 0; path = WaveTests.xctest; sourceTree = BUILT_PRODUCTS_DIR; };
		4AEEA9E51AD173900055C771 /* Info.plist */ = {isa = PBXFileReference; lastKnownFileType = text.plist.xml; path = Info.plist; sourceTree = "<group>"; };
		4AEEA9E61AD173900055C771 /* WaveTests.swift */ = {isa = PBXFileReference; lastKnownFileType = sourcecode.swift; path = WaveTests.swift; sourceTree = "<group>"; };
		4AEEA9F21AD17C710055C771 /* CalendarViewController.swift */ = {isa = PBXFileReference; fileEncoding = 4; lastKnownFileType = sourcecode.swift; path = CalendarViewController.swift; sourceTree = "<group>"; };
/* End PBXFileReference section */

/* Begin PBXFrameworksBuildPhase section */
		4AEEA9C51AD173900055C771 /* Frameworks */ = {
			isa = PBXFrameworksBuildPhase;
			buildActionMask = 2147483647;
			files = (
				4A2701C11B0240FC00848DCB /* SystemConfiguration.framework in Frameworks */,
				4A2701BF1B0240F600848DCB /* Security.framework in Frameworks */,
				4A2701BD1B0240EF00848DCB /* CFNetwork.framework in Frameworks */,
				4A2701BB1B0240E800848DCB /* libc++.dylib in Frameworks */,
				4A2701B91B0240DD00848DCB /* libicucore.dylib in Frameworks */,
				4A2701B71B02406500848DCB /* Firebase.framework in Frameworks */,
			);
			runOnlyForDeploymentPostprocessing = 0;
		};
		4AEEA9DD1AD173900055C771 /* Frameworks */ = {
			isa = PBXFrameworksBuildPhase;
			buildActionMask = 2147483647;
			files = (
			);
			runOnlyForDeploymentPostprocessing = 0;
		};
/* End PBXFrameworksBuildPhase section */

/* Begin PBXGroup section */
		4A2701C31B02424E00848DCB /* Products */ = {
			isa = PBXGroup;
			children = (
				4A2701C71B02424F00848DCB /* Charts.framework */,
			);
			name = Products;
			sourceTree = "<group>";
		};
		4AEEA9BF1AD173900055C771 = {
			isa = PBXGroup;
			children = (
				4A2701C01B0240FC00848DCB /* SystemConfiguration.framework */,
				4A2701BE1B0240F600848DCB /* Security.framework */,
				4A2701BC1B0240EF00848DCB /* CFNetwork.framework */,
				4A2701BA1B0240E800848DCB /* libc++.dylib */,
				4A2701B81B0240DD00848DCB /* libicucore.dylib */,
				4A2701B61B02406500848DCB /* Firebase.framework */,
				4AEEA9CA1AD173900055C771 /* Wave */,
				4AEEA9E31AD173900055C771 /* WaveTests */,
				4AEEA9C91AD173900055C771 /* Products */,
				4A2701C21B02424E00848DCB /* Charts.xcodeproj */,
			);
			sourceTree = "<group>";
		};
		4AEEA9C91AD173900055C771 /* Products */ = {
			isa = PBXGroup;
			children = (
				4AEEA9C81AD173900055C771 /* Wave.app */,
				4AEEA9E01AD173900055C771 /* WaveTests.xctest */,
			);
			name = Products;
			sourceTree = "<group>";
		};
		4AEEA9CA1AD173900055C771 /* Wave */ = {
			isa = PBXGroup;
			children = (
				028BB26E1B0E35EC004EBA8B /* Calculator.swift */,
				02A081931B0B8AB1000CD6E3 /* waveControlAndSync.swift */,
				4AEEA9CD1AD173900055C771 /* AppDelegate.swift */,
				4A103A3E1AD4143200DC952D /* MainStoryboardViewController.swift */,
				4AEEA9D21AD173900055C771 /* ViewController.swift */,
				4AEEA9D41AD173900055C771 /* Main.storyboard */,
				4AEEA9D71AD173900055C771 /* Images.xcassets */,
				4AEEA9D91AD173900055C771 /* LaunchScreen.xib */,
				4AEEA9CF1AD173900055C771 /* Wave.xcdatamodeld */,
				4AEEA9CB1AD173900055C771 /* Supporting Files */,
				4AEEA9F21AD17C710055C771 /* CalendarViewController.swift */,
				4A2701951AFD401600848DCB /* MenuViewController.swift */,
				4A2701971B00DE3800848DCB /* MyProfileViewController.swift */,
				4A2701991B00E34E00848DCB /* UploadDataViewController.swift */,
				4A27019B1B00E3E900848DCB /* UserViewController.swift */,
				4A27019D1B00E48400848DCB /* LandingScreenViewController.swift */,
				4A27019F1B00E51D00848DCB /* LoginViewController.swift */,
				4A2701A31B00E59600848DCB /* RegisterViewController.swift */,
				4A2701A51B00E68900848DCB /* MyLifeViewController.swift */,
				4A2701D51B063CFB00848DCB /* StepEntry.swift */,
				4A2701D31B063CFB00848DCB /* PhotoStorage.swift */,
				4A2701D11B063CFB00848DCB /* KnownWaves.swift */,
				4A2701CF1B063CFA00848DCB /* SyncEntry.swift */,
				4A2701A71B01045000848DCB /* CollectionViewCell.swift */,
				4A2701AE1B02372C00848DCB /* Wave-Bridging-Header.h */,
				4AAD687A1B09696600A6A761 /* UserData.swift */,
				4AAD68871B0A81CC00A6A761 /* UserEntry.swift */,
				02678D551B0CDBBB008113D4 /* SyncStatusViewController.swift */,
				02678D581B0CEACC008113D4 /* SyncCompleteViewController.swift */,
				02314C781B0D46C900AB888E /* DailyViewController.swift */,
			);
			path = Wave;
			sourceTree = "<group>";
		};
		4AEEA9CB1AD173900055C771 /* Supporting Files */ = {
			isa = PBXGroup;
			children = (
				4AEEA9CC1AD173900055C771 /* Info.plist */,
			);
			name = "Supporting Files";
			sourceTree = "<group>";
		};
		4AEEA9E31AD173900055C771 /* WaveTests */ = {
			isa = PBXGroup;
			children = (
				4AEEA9E61AD173900055C771 /* WaveTests.swift */,
				4AEEA9E41AD173900055C771 /* Supporting Files */,
			);
			path = WaveTests;
			sourceTree = "<group>";
		};
		4AEEA9E41AD173900055C771 /* Supporting Files */ = {
			isa = PBXGroup;
			children = (
				4AEEA9E51AD173900055C771 /* Info.plist */,
			);
			name = "Supporting Files";
			sourceTree = "<group>";
		};
/* End PBXGroup section */

/* Begin PBXNativeTarget section */
		4AEEA9C71AD173900055C771 /* Wave */ = {
			isa = PBXNativeTarget;
			buildConfigurationList = 4AEEA9EA1AD173900055C771 /* Build configuration list for PBXNativeTarget "Wave" */;
			buildPhases = (
				4AEEA9C41AD173900055C771 /* Sources */,
				4AEEA9C51AD173900055C771 /* Frameworks */,
				4AEEA9C61AD173900055C771 /* Resources */,
			);
			buildRules = (
			);
			dependencies = (
			);
			name = Wave;
			productName = Wave;
			productReference = 4AEEA9C81AD173900055C771 /* Wave.app */;
			productType = "com.apple.product-type.application";
		};
		4AEEA9DF1AD173900055C771 /* WaveTests */ = {
			isa = PBXNativeTarget;
			buildConfigurationList = 4AEEA9ED1AD173900055C771 /* Build configuration list for PBXNativeTarget "WaveTests" */;
			buildPhases = (
				4AEEA9DC1AD173900055C771 /* Sources */,
				4AEEA9DD1AD173900055C771 /* Frameworks */,
				4AEEA9DE1AD173900055C771 /* Resources */,
			);
			buildRules = (
			);
			dependencies = (
				4AEEA9E21AD173900055C771 /* PBXTargetDependency */,
			);
			name = WaveTests;
			productName = WaveTests;
			productReference = 4AEEA9E01AD173900055C771 /* WaveTests.xctest */;
			productType = "com.apple.product-type.bundle.unit-test";
		};
/* End PBXNativeTarget section */

/* Begin PBXProject section */
		4AEEA9C01AD173900055C771 /* Project object */ = {
			isa = PBXProject;
			attributes = {
				LastUpgradeCheck = 0610;
				ORGANIZATIONNAME = "";
				TargetAttributes = {
					4AEEA9C71AD173900055C771 = {
						CreatedOnToolsVersion = 6.1.1;
					};
					4AEEA9DF1AD173900055C771 = {
						CreatedOnToolsVersion = 6.1.1;
						TestTargetID = 4AEEA9C71AD173900055C771;
					};
				};
			};
			buildConfigurationList = 4AEEA9C31AD173900055C771 /* Build configuration list for PBXProject "Wave" */;
			compatibilityVersion = "Xcode 3.2";
			developmentRegion = English;
			hasScannedForEncodings = 0;
			knownRegions = (
				en,
				Base,
			);
			mainGroup = 4AEEA9BF1AD173900055C771;
			productRefGroup = 4AEEA9C91AD173900055C771 /* Products */;
			projectDirPath = "";
			projectReferences = (
				{
					ProductGroup = 4A2701C31B02424E00848DCB /* Products */;
					ProjectRef = 4A2701C21B02424E00848DCB /* Charts.xcodeproj */;
				},
			);
			projectRoot = "";
			targets = (
				4AEEA9C71AD173900055C771 /* Wave */,
				4AEEA9DF1AD173900055C771 /* WaveTests */,
			);
		};
/* End PBXProject section */

/* Begin PBXReferenceProxy section */
		4A2701C71B02424F00848DCB /* Charts.framework */ = {
			isa = PBXReferenceProxy;
			fileType = wrapper.framework;
			path = Charts.framework;
			remoteRef = 4A2701C61B02424F00848DCB /* PBXContainerItemProxy */;
			sourceTree = BUILT_PRODUCTS_DIR;
		};
/* End PBXReferenceProxy section */

/* Begin PBXResourcesBuildPhase section */
		4AEEA9C61AD173900055C771 /* Resources */ = {
			isa = PBXResourcesBuildPhase;
			buildActionMask = 2147483647;
			files = (
				4AEEA9D61AD173900055C771 /* Main.storyboard in Resources */,
				4AEEA9DB1AD173900055C771 /* LaunchScreen.xib in Resources */,
				4AEEA9D81AD173900055C771 /* Images.xcassets in Resources */,
			);
			runOnlyForDeploymentPostprocessing = 0;
		};
		4AEEA9DE1AD173900055C771 /* Resources */ = {
			isa = PBXResourcesBuildPhase;
			buildActionMask = 2147483647;
			files = (
			);
			runOnlyForDeploymentPostprocessing = 0;
		};
/* End PBXResourcesBuildPhase section */

/* Begin PBXSourcesBuildPhase section */
		4AEEA9C41AD173900055C771 /* Sources */ = {
			isa = PBXSourcesBuildPhase;
			buildActionMask = 2147483647;
			files = (
				4A2701D41B063CFB00848DCB /* PhotoStorage.swift in Sources */,
				4A2701A01B00E51D00848DCB /* LoginViewController.swift in Sources */,
				4A103A3F1AD4143200DC952D /* MainStoryboardViewController.swift in Sources */,
				4A27019C1B00E3E900848DCB /* UserViewController.swift in Sources */,
				02A081941B0B8AB1000CD6E3 /* waveControlAndSync.swift in Sources */,
				02678D561B0CDBBB008113D4 /* SyncStatusViewController.swift in Sources */,
				4A27019A1B00E34E00848DCB /* UploadDataViewController.swift in Sources */,
				4A2701D61B063CFB00848DCB /* StepEntry.swift in Sources */,
				4A2701A81B01045000848DCB /* CollectionViewCell.swift in Sources */,
				4AEEA9D31AD173900055C771 /* ViewController.swift in Sources */,
				4A2701A61B00E68900848DCB /* MyLifeViewController.swift in Sources */,
				4A2701961AFD401600848DCB /* MenuViewController.swift in Sources */,
				4A2701D21B063CFB00848DCB /* KnownWaves.swift in Sources */,
				028BB26F1B0E35EC004EBA8B /* Calculator.swift in Sources */,
				4AAD68881B0A81CC00A6A761 /* UserEntry.swift in Sources */,
				02314C791B0D46C900AB888E /* DailyViewController.swift in Sources */,
				4A2701D01B063CFA00848DCB /* SyncEntry.swift in Sources */,
				4AEEA9F31AD17C710055C771 /* CalendarViewController.swift in Sources */,
				4AEEA9D11AD173900055C771 /* Wave.xcdatamodeld in Sources */,
				4A27019E1B00E48400848DCB /* LandingScreenViewController.swift in Sources */,
				02678D591B0CEACC008113D4 /* SyncCompleteViewController.swift in Sources */,
				4A2701A41B00E59600848DCB /* RegisterViewController.swift in Sources */,
				4A2701981B00DE3800848DCB /* MyProfileViewController.swift in Sources */,
				4AAD687B1B09696600A6A761 /* UserData.swift in Sources */,
				4AEEA9CE1AD173900055C771 /* AppDelegate.swift in Sources */,
			);
			runOnlyForDeploymentPostprocessing = 0;
		};
		4AEEA9DC1AD173900055C771 /* Sources */ = {
			isa = PBXSourcesBuildPhase;
			buildActionMask = 2147483647;
			files = (
				4AEEA9E71AD173900055C771 /* WaveTests.swift in Sources */,
			);
			runOnlyForDeploymentPostprocessing = 0;
		};
/* End PBXSourcesBuildPhase section */

/* Begin PBXTargetDependency section */
		4AEEA9E21AD173900055C771 /* PBXTargetDependency */ = {
			isa = PBXTargetDependency;
			target = 4AEEA9C71AD173900055C771 /* Wave */;
			targetProxy = 4AEEA9E11AD173900055C771 /* PBXContainerItemProxy */;
		};
/* End PBXTargetDependency section */

/* Begin PBXVariantGroup section */
		4AEEA9D41AD173900055C771 /* Main.storyboard */ = {
			isa = PBXVariantGroup;
			children = (
				4AEEA9D51AD173900055C771 /* Base */,
			);
			name = Main.storyboard;
			sourceTree = "<group>";
		};
		4AEEA9D91AD173900055C771 /* LaunchScreen.xib */ = {
			isa = PBXVariantGroup;
			children = (
				4AEEA9DA1AD173900055C771 /* Base */,
			);
			name = LaunchScreen.xib;
			sourceTree = "<group>";
		};
/* End PBXVariantGroup section */

/* Begin XCBuildConfiguration section */
		4AEEA9E81AD173900055C771 /* Debug */ = {
			isa = XCBuildConfiguration;
			buildSettings = {
				ALWAYS_SEARCH_USER_PATHS = NO;
				CLANG_CXX_LANGUAGE_STANDARD = "gnu++0x";
				CLANG_CXX_LIBRARY = "libc++";
				CLANG_ENABLE_MODULES = YES;
				CLANG_ENABLE_OBJC_ARC = YES;
				CLANG_WARN_BOOL_CONVERSION = YES;
				CLANG_WARN_CONSTANT_CONVERSION = YES;
				CLANG_WARN_DIRECT_OBJC_ISA_USAGE = YES_ERROR;
				CLANG_WARN_EMPTY_BODY = YES;
				CLANG_WARN_ENUM_CONVERSION = YES;
				CLANG_WARN_INT_CONVERSION = YES;
				CLANG_WARN_OBJC_ROOT_CLASS = YES_ERROR;
				CLANG_WARN_UNREACHABLE_CODE = YES;
				CLANG_WARN__DUPLICATE_METHOD_MATCH = YES;
				"CODE_SIGN_IDENTITY[sdk=iphoneos*]" = "iPhone Developer";
				COPY_PHASE_STRIP = NO;
				ENABLE_STRICT_OBJC_MSGSEND = YES;
				GCC_C_LANGUAGE_STANDARD = gnu99;
				GCC_DYNAMIC_NO_PIC = NO;
				GCC_OPTIMIZATION_LEVEL = 0;
				GCC_PREPROCESSOR_DEFINITIONS = (
					"DEBUG=1",
					"$(inherited)",
				);
				GCC_SYMBOLS_PRIVATE_EXTERN = NO;
				GCC_WARN_64_TO_32_BIT_CONVERSION = YES;
				GCC_WARN_ABOUT_RETURN_TYPE = YES_ERROR;
				GCC_WARN_UNDECLARED_SELECTOR = YES;
				GCC_WARN_UNINITIALIZED_AUTOS = YES_AGGRESSIVE;
				GCC_WARN_UNUSED_FUNCTION = YES;
				GCC_WARN_UNUSED_VARIABLE = YES;
				IPHONEOS_DEPLOYMENT_TARGET = 8.1;
				MTL_ENABLE_DEBUG_INFO = YES;
				ONLY_ACTIVE_ARCH = YES;
				SDKROOT = iphoneos;
				SWIFT_OPTIMIZATION_LEVEL = "-Onone";
				TARGETED_DEVICE_FAMILY = "1,2";
			};
			name = Debug;
		};
		4AEEA9E91AD173900055C771 /* Release */ = {
			isa = XCBuildConfiguration;
			buildSettings = {
				ALWAYS_SEARCH_USER_PATHS = NO;
				CLANG_CXX_LANGUAGE_STANDARD = "gnu++0x";
				CLANG_CXX_LIBRARY = "libc++";
				CLANG_ENABLE_MODULES = YES;
				CLANG_ENABLE_OBJC_ARC = YES;
				CLANG_WARN_BOOL_CONVERSION = YES;
				CLANG_WARN_CONSTANT_CONVERSION = YES;
				CLANG_WARN_DIRECT_OBJC_ISA_USAGE = YES_ERROR;
				CLANG_WARN_EMPTY_BODY = YES;
				CLANG_WARN_ENUM_CONVERSION = YES;
				CLANG_WARN_INT_CONVERSION = YES;
				CLANG_WARN_OBJC_ROOT_CLASS = YES_ERROR;
				CLANG_WARN_UNREACHABLE_CODE = YES;
				CLANG_WARN__DUPLICATE_METHOD_MATCH = YES;
				"CODE_SIGN_IDENTITY[sdk=iphoneos*]" = "iPhone Developer";
				COPY_PHASE_STRIP = YES;
				ENABLE_NS_ASSERTIONS = NO;
				ENABLE_STRICT_OBJC_MSGSEND = YES;
				GCC_C_LANGUAGE_STANDARD = gnu99;
				GCC_WARN_64_TO_32_BIT_CONVERSION = YES;
				GCC_WARN_ABOUT_RETURN_TYPE = YES_ERROR;
				GCC_WARN_UNDECLARED_SELECTOR = YES;
				GCC_WARN_UNINITIALIZED_AUTOS = YES_AGGRESSIVE;
				GCC_WARN_UNUSED_FUNCTION = YES;
				GCC_WARN_UNUSED_VARIABLE = YES;
				IPHONEOS_DEPLOYMENT_TARGET = 8.1;
				MTL_ENABLE_DEBUG_INFO = NO;
				SDKROOT = iphoneos;
				TARGETED_DEVICE_FAMILY = "1,2";
				VALIDATE_PRODUCT = YES;
			};
			name = Release;
		};
		4AEEA9EB1AD173900055C771 /* Debug */ = {
			isa = XCBuildConfiguration;
			buildSettings = {
				ASSETCATALOG_COMPILER_APPICON_NAME = AppIcon;
				CLANG_ENABLE_MODULES = YES;
				FRAMEWORK_SEARCH_PATHS = (
					"$(inherited)",
					"$(PROJECT_DIR)/Wave",
				);
				INFOPLIST_FILE = Wave/Info.plist;
				LD_RUNPATH_SEARCH_PATHS = "$(inherited) @executable_path/Frameworks";
				OTHER_LDFLAGS = "-ObjC";
				PRODUCT_NAME = "$(TARGET_NAME)";
				SWIFT_OBJC_BRIDGING_HEADER = "Wave/Wave-Bridging-Header.h";
				SWIFT_OPTIMIZATION_LEVEL = "-Onone";
				TARGETED_DEVICE_FAMILY = "1,2";
			};
			name = Debug;
		};
		4AEEA9EC1AD173900055C771 /* Release */ = {
			isa = XCBuildConfiguration;
			buildSettings = {
				ASSETCATALOG_COMPILER_APPICON_NAME = AppIcon;
				CLANG_ENABLE_MODULES = YES;
				FRAMEWORK_SEARCH_PATHS = (
					"$(inherited)",
					"$(PROJECT_DIR)/Wave",
				);
				INFOPLIST_FILE = Wave/Info.plist;
				LD_RUNPATH_SEARCH_PATHS = "$(inherited) @executable_path/Frameworks";
				OTHER_LDFLAGS = "-ObjC";
				PRODUCT_NAME = "$(TARGET_NAME)";
				SWIFT_OBJC_BRIDGING_HEADER = "Wave/Wave-Bridging-Header.h";
				TARGETED_DEVICE_FAMILY = "1,2";
			};
			name = Release;
		};
		4AEEA9EE1AD173900055C771 /* Debug */ = {
			isa = XCBuildConfiguration;
			buildSettings = {
				BUNDLE_LOADER = "$(TEST_HOST)";
				FRAMEWORK_SEARCH_PATHS = (
					"$(SDKROOT)/Developer/Library/Frameworks",
					"$(inherited)",
				);
				GCC_PREPROCESSOR_DEFINITIONS = (
					"DEBUG=1",
					"$(inherited)",
				);
				INFOPLIST_FILE = WaveTests/Info.plist;
				LD_RUNPATH_SEARCH_PATHS = "$(inherited) @executable_path/Frameworks @loader_path/Frameworks";
				PRODUCT_NAME = "$(TARGET_NAME)";
				TEST_HOST = "$(BUILT_PRODUCTS_DIR)/Wave.app/Wave";
			};
			name = Debug;
		};
		4AEEA9EF1AD173900055C771 /* Release */ = {
			isa = XCBuildConfiguration;
			buildSettings = {
				BUNDLE_LOADER = "$(TEST_HOST)";
				FRAMEWORK_SEARCH_PATHS = (
					"$(SDKROOT)/Developer/Library/Frameworks",
					"$(inherited)",
				);
				INFOPLIST_FILE = WaveTests/Info.plist;
				LD_RUNPATH_SEARCH_PATHS = "$(inherited) @executable_path/Frameworks @loader_path/Frameworks";
				PRODUCT_NAME = "$(TARGET_NAME)";
				TEST_HOST = "$(BUILT_PRODUCTS_DIR)/Wave.app/Wave";
			};
			name = Release;
		};
/* End XCBuildConfiguration section */

/* Begin XCConfigurationList section */
		4AEEA9C31AD173900055C771 /* Build configuration list for PBXProject "Wave" */ = {
			isa = XCConfigurationList;
			buildConfigurations = (
				4AEEA9E81AD173900055C771 /* Debug */,
				4AEEA9E91AD173900055C771 /* Release */,
			);
			defaultConfigurationIsVisible = 0;
			defaultConfigurationName = Release;
		};
		4AEEA9EA1AD173900055C771 /* Build configuration list for PBXNativeTarget "Wave" */ = {
			isa = XCConfigurationList;
			buildConfigurations = (
				4AEEA9EB1AD173900055C771 /* Debug */,
				4AEEA9EC1AD173900055C771 /* Release */,
			);
			defaultConfigurationIsVisible = 0;
			defaultConfigurationName = Release;
		};
		4AEEA9ED1AD173900055C771 /* Build configuration list for PBXNativeTarget "WaveTests" */ = {
			isa = XCConfigurationList;
			buildConfigurations = (
				4AEEA9EE1AD173900055C771 /* Debug */,
				4AEEA9EF1AD173900055C771 /* Release */,
			);
			defaultConfigurationIsVisible = 0;
			defaultConfigurationName = Release;
		};
/* End XCConfigurationList section */

/* Begin XCVersionGroup section */
		4AEEA9CF1AD173900055C771 /* Wave.xcdatamodeld */ = {
			isa = XCVersionGroup;
			children = (
				4AEEA9D01AD173900055C771 /* Wave.xcdatamodel */,
			);
			currentVersion = 4AEEA9D01AD173900055C771 /* Wave.xcdatamodel */;
			path = Wave.xcdatamodeld;
			sourceTree = "<group>";
			versionGroupType = wrapper.xcdatamodel;
		};
/* End XCVersionGroup section */
	};
	rootObject = 4AEEA9C01AD173900055C771 /* Project object */;
}
